
Microsoft Visual Studio Solution File, Format Version 12.00
# Visual Studio Version 17
VisualStudioVersion = 17.14.36414.22
MinimumVisualStudioVersion = 10.0.40219.1
Project("{FAE04EC0-301F-11D3-BF4B-00C04F79EFBC}") = "02.FootballBetting", "02.FootballBetting\02.FootballBetting.csproj", "{295CB99B-8AF2-46D0-816B-6E9CA3B8EF21}"
EndProject
Project("{FAE04EC0-301F-11D3-BF4B-00C04F79EFBC}") = "02.FootballBetting.Data", "02.FootballBetting.Data\02.FootballBetting.Data.csproj", "{3BE44B6A-70B7-4F1A-B5B9-9904A47E6233}"
EndProject
Project("{FAE04EC0-301F-11D3-BF4B-00C04F79EFBC}") = "02.FootballBetting.Models", "02.FootballBetting.Models\02.FootballBetting.Models.csproj", "{51C19D07-70C6-4672-88C3-8CC150928FA3}"
EndProject
Global
	GlobalSection(SolutionConfigurationPlatforms) = preSolution
		Debug|Any CPU = Debug|Any CPU
		Release|Any CPU = Release|Any CPU
	EndGlobalSection
	GlobalSection(ProjectConfigurationPlatforms) = postSolution
		{295CB99B-8AF2-46D0-816B-6E9CA3B8EF21}.Debug|Any CPU.ActiveCfg = Debug|Any CPU
		{295CB99B-8AF2-46D0-816B-6E9CA3B8EF21}.Debug|Any CPU.Build.0 = Debug|Any CPU
		{295CB99B-8AF2-46D0-816B-6E9CA3B8EF21}.Release|Any CPU.ActiveCfg = Release|Any CPU
		{295CB99B-8AF2-46D0-816B-6E9CA3B8EF21}.Release|Any CPU.Build.0 = Release|Any CPU
		{3BE44B6A-70B7-4F1A-B5B9-9904A47E6233}.Debug|Any CPU.ActiveCfg = Debug|Any CPU
		{3BE44B6A-70B7-4F1A-B5B9-9904A47E6233}.Debug|Any CPU.Build.0 = Debug|Any CPU
		{3BE44B6A-70B7-4F1A-B5B9-9904A47E6233}.Release|Any CPU.ActiveCfg = Release|Any CPU
		{3BE44B6A-70B7-4F1A-B5B9-9904A47E6233}.Release|Any CPU.Build.0 = Release|Any CPU
		{51C19D07-70C6-4672-88C3-8CC150928FA3}.Debug|Any CPU.ActiveCfg = Debug|Any CPU
		{51C19D07-70C6-4672-88C3-8CC150928FA3}.Debug|Any CPU.Build.0 = Debug|Any CPU
		{51C19D07-70C6-4672-88C3-8CC150928FA3}.Release|Any CPU.ActiveCfg = Release|Any CPU
		{51C19D07-70C6-4672-88C3-8CC150928FA3}.Release|Any CPU.Build.0 = Release|Any CPU
	EndGlobalSection
	GlobalSection(SolutionProperties) = preSolution
		HideSolutionNode = FALSE
	EndGlobalSection
	GlobalSection(ExtensibilityGlobals) = postSolution
		SolutionGuid = {2D46AA32-42C7-4E69-9142-491AE9D78181}
	EndGlobalSection
EndGlobal
